// !$*UTF8*$!
{
	archiveVersion = 1;
	classes = {
	};
	objectVersion = 46;
	objects = {

/* Begin PBXBuildFile section */
		6066762D1EBCB20100F72F43 /* AppDelegate.swift in Sources */ = {isa = PBXBuildFile; fileRef = 6066762C1EBCB20100F72F43 /* AppDelegate.swift */; };
		6066762F1EBCB20100F72F43 /* ViewController.swift in Sources */ = {isa = PBXBuildFile; fileRef = 6066762E1EBCB20100F72F43 /* ViewController.swift */; };
		606676321EBCB20200F72F43 /* Main.storyboard in Resources */ = {isa = PBXBuildFile; fileRef = 606676301EBCB20100F72F43 /* Main.storyboard */; };
		606676341EBCB20200F72F43 /* Assets.xcassets in Resources */ = {isa = PBXBuildFile; fileRef = 606676331EBCB20200F72F43 /* Assets.xcassets */; };
		606676371EBCB20200F72F43 /* LaunchScreen.storyboard in Resources */ = {isa = PBXBuildFile; fileRef = 606676351EBCB20200F72F43 /* LaunchScreen.storyboard */; };
		606676421EBCB20200F72F43 /* UIScrollViewTests.swift in Sources */ = {isa = PBXBuildFile; fileRef = 606676411EBCB20200F72F43 /* UIScrollViewTests.swift */; };
		6066764D1EBCB20200F72F43 /* UIScrollViewUITests.swift in Sources */ = {isa = PBXBuildFile; fileRef = 6066764C1EBCB20200F72F43 /* UIScrollViewUITests.swift */; };
/* End PBXBuildFile section */

/* Begin PBXContainerItemProxy section */
		6066763E1EBCB20200F72F43 /* PBXContainerItemProxy */ = {
			isa = PBXContainerItemProxy;
			containerPortal = 606676211EBCB20100F72F43 /* Project object */;
			proxyType = 1;
			remoteGlobalIDString = 606676281EBCB20100F72F43;
			remoteInfo = UIScrollView;
		};
		606676491EBCB20200F72F43 /* PBXContainerItemProxy */ = {
			isa = PBXContainerItemProxy;
			containerPortal = 606676211EBCB20100F72F43 /* Project object */;
			proxyType = 1;
			remoteGlobalIDString = 606676281EBCB20100F72F43;
			remoteInfo = UIScrollView;
		};
/* End PBXContainerItemProxy section */

/* Begin PBXFileReference section */
		606676291EBCB20100F72F43 /* UIScrollView.app */ = {isa = PBXFileReference; explicitFileType = wrapper.application; includeInIndex = 0; path = UIScrollView.app; sourceTree = BUILT_PRODUCTS_DIR; };
		6066762C1EBCB20100F72F43 /* AppDelegate.swift */ = {isa = PBXFileReference; lastKnownFileType = sourcecode.swift; path = AppDelegate.swift; sourceTree = "<group>"; };
		6066762E1EBCB20100F72F43 /* ViewController.swift */ = {isa = PBXFileReference; lastKnownFileType = sourcecode.swift; path = ViewController.swift; sourceTree = "<group>"; };
		606676311EBCB20100F72F43 /* Base */ = {isa = PBXFileReference; lastKnownFileType = file.storyboard; name = Base; path = Base.lproj/Main.storyboard; sourceTree = "<group>"; };
		606676331EBCB20200F72F43 /* Assets.xcassets */ = {isa = PBXFileReference; lastKnownFileType = folder.assetcatalog; path = Assets.xcassets; sourceTree = "<group>"; };
		606676361EBCB20200F72F43 /* Base */ = {isa = PBXFileReference; lastKnownFileType = file.storyboard; name = Base; path = Base.lproj/LaunchScreen.storyboard; sourceTree = "<group>"; };
		606676381EBCB20200F72F43 /* Info.plist */ = {isa = PBXFileReference; lastKnownFileType = text.plist.xml; path = Info.plist; sourceTree = "<group>"; };
		6066763D1EBCB20200F72F43 /* UIScrollViewTests.xctest */ = {isa = PBXFileReference; explicitFileType = wrapper.cfbundle; includeInIndex = 0; path = UIScrollViewTests.xctest; sourceTree = BUILT_PRODUCTS_DIR; };
		606676411EBCB20200F72F43 /* UIScrollViewTests.swift */ = {isa = PBXFileReference; lastKnownFileType = sourcecode.swift; path = UIScrollViewTests.swift; sourceTree = "<group>"; };
		606676431EBCB20200F72F43 /* Info.plist */ = {isa = PBXFileReference; lastKnownFileType = text.plist.xml; path = Info.plist; sourceTree = "<group>"; };
		606676481EBCB20200F72F43 /* UIScrollViewUITests.xctest */ = {isa = PBXFileReference; explicitFileType = wrapper.cfbundle; includeInIndex = 0; path = UIScrollViewUITests.xctest; sourceTree = BUILT_PRODUCTS_DIR; };
		6066764C1EBCB20200F72F43 /* UIScrollViewUITests.swift */ = {isa = PBXFileReference; lastKnownFileType = sourcecode.swift; path = UIScrollViewUITests.swift; sourceTree = "<group>"; };
		6066764E1EBCB20200F72F43 /* Info.plist */ = {isa = PBXFileReference; lastKnownFileType = text.plist.xml; path = Info.plist; sourceTree = "<group>"; };
/* End PBXFileReference section */

/* Begin PBXFrameworksBuildPhase section */
		606676261EBCB20100F72F43 /* Frameworks */ = {
			isa = PBXFrameworksBuildPhase;
			buildActionMask = 2147483647;
			files = (
			);
			runOnlyForDeploymentPostprocessing = 0;
		};
		6066763A1EBCB20200F72F43 /* Frameworks */ = {
			isa = PBXFrameworksBuildPhase;
			buildActionMask = 2147483647;
			files = (
			);
			runOnlyForDeploymentPostprocessing = 0;
		};
		606676451EBCB20200F72F43 /* Frameworks */ = {
			isa = PBXFrameworksBuildPhase;
			buildActionMask = 2147483647;
			files = (
			);
			runOnlyForDeploymentPostprocessing = 0;
		};
/* End PBXFrameworksBuildPhase section */

/* Begin PBXGroup section */
		606676201EBCB20100F72F43 = {
			isa = PBXGroup;
			children = (
				6066762B1EBCB20100F72F43 /* UIScrollView */,
				606676401EBCB20200F72F43 /* UIScrollViewTests */,
				6066764B1EBCB20200F72F43 /* UIScrollViewUITests */,
				6066762A1EBCB20100F72F43 /* Products */,
			);
			sourceTree = "<group>";
		};
		6066762A1EBCB20100F72F43 /* Products */ = {
			isa = PBXGroup;
			children = (
				606676291EBCB20100F72F43 /* UIScrollView.app */,
				6066763D1EBCB20200F72F43 /* UIScrollViewTests.xctest */,
				606676481EBCB20200F72F43 /* UIScrollViewUITests.xctest */,
			);
			name = Products;
			sourceTree = "<group>";
		};
		6066762B1EBCB20100F72F43 /* UIScrollView */ = {
			isa = PBXGroup;
			children = (
				6066762C1EBCB20100F72F43 /* AppDelegate.swift */,
				6066762E1EBCB20100F72F43 /* ViewController.swift */,
				606676301EBCB20100F72F43 /* Main.storyboard */,
				606676331EBCB20200F72F43 /* Assets.xcassets */,
				606676351EBCB20200F72F43 /* LaunchScreen.storyboard */,
				606676381EBCB20200F72F43 /* Info.plist */,
			);
			path = UIScrollView;
			sourceTree = "<group>";
		};
		606676401EBCB20200F72F43 /* UIScrollViewTests */ = {
			isa = PBXGroup;
			children = (
				606676411EBCB20200F72F43 /* UIScrollViewTests.swift */,
				606676431EBCB20200F72F43 /* Info.plist */,
			);
			path = UIScrollViewTests;
			sourceTree = "<group>";
		};
		6066764B1EBCB20200F72F43 /* UIScrollViewUITests */ = {
			isa = PBXGroup;
			children = (
				6066764C1EBCB20200F72F43 /* UIScrollViewUITests.swift */,
				6066764E1EBCB20200F72F43 /* Info.plist */,
			);
			path = UIScrollViewUITests;
			sourceTree = "<group>";
		};
/* End PBXGroup section */

/* Begin PBXNativeTarget section */
		606676281EBCB20100F72F43 /* UIScrollView */ = {
			isa = PBXNativeTarget;
			buildConfigurationList = 606676511EBCB20200F72F43 /* Build configuration list for PBXNativeTarget "UIScrollView" */;
			buildPhases = (
				606676251EBCB20100F72F43 /* Sources */,
				606676261EBCB20100F72F43 /* Frameworks */,
				606676271EBCB20100F72F43 /* Resources */,
			);
			buildRules = (
			);
			dependencies = (
			);
			name = UIScrollView;
			productName = UIScrollView;
			productReference = 606676291EBCB20100F72F43 /* UIScrollView.app */;
			productType = "com.apple.product-type.application";
		};
		6066763C1EBCB20200F72F43 /* UIScrollViewTests */ = {
			isa = PBXNativeTarget;
			buildConfigurationList = 606676541EBCB20200F72F43 /* Build configuration list for PBXNativeTarget "UIScrollViewTests" */;
			buildPhases = (
				606676391EBCB20200F72F43 /* Sources */,
				6066763A1EBCB20200F72F43 /* Frameworks */,
				6066763B1EBCB20200F72F43 /* Resources */,
			);
			buildRules = (
			);
			dependencies = (
				6066763F1EBCB20200F72F43 /* PBXTargetDependency */,
			);
			name = UIScrollViewTests;
			productName = UIScrollViewTests;
			productReference = 6066763D1EBCB20200F72F43 /* UIScrollViewTests.xctest */;
			productType = "com.apple.product-type.bundle.unit-test";
		};
		606676471EBCB20200F72F43 /* UIScrollViewUITests */ = {
			isa = PBXNativeTarget;
			buildConfigurationList = 606676571EBCB20200F72F43 /* Build configuration list for PBXNativeTarget "UIScrollViewUITests" */;
			buildPhases = (
				606676441EBCB20200F72F43 /* Sources */,
				606676451EBCB20200F72F43 /* Frameworks */,
				606676461EBCB20200F72F43 /* Resources */,
			);
			buildRules = (
			);
			dependencies = (
				6066764A1EBCB20200F72F43 /* PBXTargetDependency */,
			);
			name = UIScrollViewUITests;
			productName = UIScrollViewUITests;
			productReference = 606676481EBCB20200F72F43 /* UIScrollViewUITests.xctest */;
			productType = "com.apple.product-type.bundle.ui-testing";
		};
/* End PBXNativeTarget section */

/* Begin PBXProject section */
		606676211EBCB20100F72F43 /* Project object */ = {
			isa = PBXProject;
			attributes = {
				LastSwiftUpdateCheck = 0830;
				LastUpgradeCheck = 0830;
				ORGANIZATIONNAME = healer;
				TargetAttributes = {
					606676281EBCB20100F72F43 = {
						CreatedOnToolsVersion = 8.3.1;
						ProvisioningStyle = Automatic;
					};
					6066763C1EBCB20200F72F43 = {
						CreatedOnToolsVersion = 8.3.1;
						ProvisioningStyle = Automatic;
						TestTargetID = 606676281EBCB20100F72F43;
					};
					606676471EBCB20200F72F43 = {
						CreatedOnToolsVersion = 8.3.1;
						ProvisioningStyle = Automatic;
						TestTargetID = 606676281EBCB20100F72F43;
					};
				};
			};
			buildConfigurationList = 606676241EBCB20100F72F43 /* Build configuration list for PBXProject "UIScrollView" */;
			compatibilityVersion = "Xcode 3.2";
			developmentRegion = English;
			hasScannedForEncodings = 0;
			knownRegions = (
				en,
				Base,
			);
			mainGroup = 606676201EBCB20100F72F43;
			productRefGroup = 6066762A1EBCB20100F72F43 /* Products */;
			projectDirPath = "";
			projectRoot = "";
			targets = (
				606676281EBCB20100F72F43 /* UIScrollView */,
				6066763C1EBCB20200F72F43 /* UIScrollViewTests */,
				606676471EBCB20200F72F43 /* UIScrollViewUITests */,
			);
		};
/* End PBXProject section */

/* Begin PBXResourcesBuildPhase section */
		606676271EBCB20100F72F43 /* Resources */ = {
			isa = PBXResourcesBuildPhase;
			buildActionMask = 2147483647;
			files = (
				606676371EBCB20200F72F43 /* LaunchScreen.storyboard in Resources */,
				606676341EBCB20200F72F43 /* Assets.xcassets in Resources */,
				606676321EBCB20200F72F43 /* Main.storyboard in Resources */,
			);
			runOnlyForDeploymentPostprocessing = 0;
		};
		6066763B1EBCB20200F72F43 /* Resources */ = {
			isa = PBXResourcesBuildPhase;
			buildActionMask = 2147483647;
			files = (
			);
			runOnlyForDeploymentPostprocessing = 0;
		};
		606676461EBCB20200F72F43 /* Resources */ = {
			isa = PBXResourcesBuildPhase;
			buildActionMask = 2147483647;
			files = (
			);
			runOnlyForDeploymentPostprocessing = 0;
		};
/* End PBXResourcesBuildPhase section */

/* Begin PBXSourcesBuildPhase section */
		606676251EBCB20100F72F43 /* Sources */ = {
			isa = PBXSourcesBuildPhase;
			buildActionMask = 2147483647;
			files = (
				6066762F1EBCB20100F72F43 /* ViewController.swift in Sources */,
				6066762D1EBCB20100F72F43 /* AppDelegate.swift in Sources */,
			);
			runOnlyForDeploymentPostprocessing = 0;
		};
		606676391EBCB20200F72F43 /* Sources */ = {
			isa = PBXSourcesBuildPhase;
			buildActionMask = 2147483647;
			files = (
				606676421EBCB20200F72F43 /* UIScrollViewTests.swift in Sources */,
			);
			runOnlyForDeploymentPostprocessing = 0;
		};
		606676441EBCB20200F72F43 /* Sources */ = {
			isa = PBXSourcesBuildPhase;
			buildActionMask = 2147483647;
			files = (
				6066764D1EBCB20200F72F43 /* UIScrollViewUITests.swift in Sources */,
			);
			runOnlyForDeploymentPostprocessing = 0;
		};
/* End PBXSourcesBuildPhase section */

/* Begin PBXTargetDependency section */
		6066763F1EBCB20200F72F43 /* PBXTargetDependency */ = {
			isa = PBXTargetDependency;
			target = 606676281EBCB20100F72F43 /* UIScrollView */;
			targetProxy = 6066763E1EBCB20200F72F43 /* PBXContainerItemProxy */;
		};
		6066764A1EBCB20200F72F43 /* PBXTargetDependency */ = {
			isa = PBXTargetDependency;
			target = 606676281EBCB20100F72F43 /* UIScrollView */;
			targetProxy = 606676491EBCB20200F72F43 /* PBXContainerItemProxy */;
		};
/* End PBXTargetDependency section */

/* Begin PBXVariantGroup section */
		606676301EBCB20100F72F43 /* Main.storyboard */ = {
			isa = PBXVariantGroup;
			children = (
				606676311EBCB20100F72F43 /* Base */,
			);
			name = Main.storyboard;
			sourceTree = "<group>";
		};
		606676351EBCB20200F72F43 /* LaunchScreen.storyboard */ = {
			isa = PBXVariantGroup;
			children = (
				606676361EBCB20200F72F43 /* Base */,
			);
			name = LaunchScreen.storyboard;
			sourceTree = "<group>";
		};
/* End PBXVariantGroup section */

/* Begin XCBuildConfiguration section */
		6066764F1EBCB20200F72F43 /* Debug */ = {
			isa = XCBuildConfiguration;
			buildSettings = {
				ALWAYS_SEARCH_USER_PATHS = NO;
				CLANG_ANALYZER_NONNULL = YES;
				CLANG_ANALYZER_NUMBER_OBJECT_CONVERSION = YES_AGGRESSIVE;
				CLANG_CXX_LANGUAGE_STANDARD = "gnu++0x";
				CLANG_CXX_LIBRARY = "libc++";
				CLANG_ENABLE_MODULES = YES;
				CLANG_ENABLE_OBJC_ARC = YES;
				CLANG_WARN_BOOL_CONVERSION = YES;
				CLANG_WARN_CONSTANT_CONVERSION = YES;
				CLANG_WARN_DIRECT_OBJC_ISA_USAGE = YES_ERROR;
				CLANG_WARN_DOCUMENTATION_COMMENTS = YES;
				CLANG_WARN_EMPTY_BODY = YES;
				CLANG_WARN_ENUM_CONVERSION = YES;
				CLANG_WARN_INFINITE_RECURSION = YES;
				CLANG_WARN_INT_CONVERSION = YES;
				CLANG_WARN_OBJC_ROOT_CLASS = YES_ERROR;
				CLANG_WARN_SUSPICIOUS_MOVE = YES;
				CLANG_WARN_UNREACHABLE_CODE = YES;
				CLANG_WARN__DUPLICATE_METHOD_MATCH = YES;
				"CODE_SIGN_IDENTITY[sdk=iphoneos*]" = "iPhone Developer";
				COPY_PHASE_STRIP = NO;
				DEBUG_INFORMATION_FORMAT = dwarf;
				ENABLE_STRICT_OBJC_MSGSEND = YES;
				ENABLE_TESTABILITY = YES;
				GCC_C_LANGUAGE_STANDARD = gnu99;
				GCC_DYNAMIC_NO_PIC = NO;
				GCC_NO_COMMON_BLOCKS = YES;
				GCC_OPTIMIZATION_LEVEL = 0;
				GCC_PREPROCESSOR_DEFINITIONS = (
					"DEBUG=1",
					"$(inherited)",
				);
				GCC_WARN_64_TO_32_BIT_CONVERSION = YES;
				GCC_WARN_ABOUT_RETURN_TYPE = YES_ERROR;
				GCC_WARN_UNDECLARED_SELECTOR = YES;
				GCC_WARN_UNINITIALIZED_AUTOS = YES_AGGRESSIVE;
				GCC_WARN_UNUSED_FUNCTION = YES;
				GCC_WARN_UNUSED_VARIABLE = YES;
				IPHONEOS_DEPLOYMENT_TARGET = 10.3;
				MTL_ENABLE_DEBUG_INFO = YES;
				ONLY_ACTIVE_ARCH = YES;
				SDKROOT = iphoneos;
				SWIFT_ACTIVE_COMPILATION_CONDITIONS = DEBUG;
				SWIFT_OPTIMIZATION_LEVEL = "-Onone";
			};
			name = Debug;
		};
		606676501EBCB20200F72F43 /* Release */ = {
			isa = XCBuildConfiguration;
			buildSettings = {
				ALWAYS_SEARCH_USER_PATHS = NO;
				CLANG_ANALYZER_NONNULL = YES;
				CLANG_ANALYZER_NUMBER_OBJECT_CONVERSION = YES_AGGRESSIVE;
				CLANG_CXX_LANGUAGE_STANDARD = "gnu++0x";
				CLANG_CXX_LIBRARY = "libc++";
				CLANG_ENABLE_MODULES = YES;
				CLANG_ENABLE_OBJC_ARC = YES;
				CLANG_WARN_BOOL_CONVERSION = YES;
				CLANG_WARN_CONSTANT_CONVERSION = YES;
				CLANG_WARN_DIRECT_OBJC_ISA_USAGE = YES_ERROR;
				CLANG_WARN_DOCUMENTATION_COMMENTS = YES;
				CLANG_WARN_EMPTY_BODY = YES;
				CLANG_WARN_ENUM_CONVERSION = YES;
				CLANG_WARN_INFINITE_RECURSION = YES;
				CLANG_WARN_INT_CONVERSION = YES;
				CLANG_WARN_OBJC_ROOT_CLASS = YES_ERROR;
				CLANG_WARN_SUSPICIOUS_MOVE = YES;
				CLANG_WARN_UNREACHABLE_CODE = YES;
				CLANG_WARN__DUPLICATE_METHOD_MATCH = YES;
				"CODE_SIGN_IDENTITY[sdk=iphoneos*]" = "iPhone Developer";
				COPY_PHASE_STRIP = NO;
				DEBUG_INFORMATION_FORMAT = "dwarf-with-dsym";
				ENABLE_NS_ASSERTIONS = NO;
				ENABLE_STRICT_OBJC_MSGSEND = YES;
				GCC_C_LANGUAGE_STANDARD = gnu99;
				GCC_NO_COMMON_BLOCKS = YES;
				GCC_WARN_64_TO_32_BIT_CONVERSION = YES;
				GCC_WARN_ABOUT_RETURN_TYPE = YES_ERROR;
				GCC_WARN_UNDECLARED_SELECTOR = YES;
				GCC_WARN_UNINITIALIZED_AUTOS = YES_AGGRESSIVE;
				GCC_WARN_UNUSED_FUNCTION = YES;
				GCC_WARN_UNUSED_VARIABLE = YES;
				IPHONEOS_DEPLOYMENT_TARGET = 10.3;
				MTL_ENABLE_DEBUG_INFO = NO;
				SDKROOT = iphoneos;
				SWIFT_OPTIMIZATION_LEVEL = "-Owholemodule";
				VALIDATE_PRODUCT = YES;
			};
			name = Release;
		};
		606676521EBCB20200F72F43 /* Debug */ = {
			isa = XCBuildConfiguration;
			buildSettings = {
				ASSETCATALOG_COMPILER_APPICON_NAME = AppIcon;
				INFOPLIST_FILE = UIScrollView/Info.plist;
				LD_RUNPATH_SEARCH_PATHS = "$(inherited) @executable_path/Frameworks";
				PRODUCT_BUNDLE_IDENTIFIER = com.healer.UIScrollView;
				PRODUCT_NAME = "$(TARGET_NAME)";
				SWIFT_VERSION = 3.0;
			};
			name = Debug;
		};
		606676531EBCB20200F72F43 /* Release */ = {
			isa = XCBuildConfiguration;
			buildSettings = {
				ASSETCATALOG_COMPILER_APPICON_NAME = AppIcon;
				INFOPLIST_FILE = UIScrollView/Info.plist;
				LD_RUNPATH_SEARCH_PATHS = "$(inherited) @executable_path/Frameworks";
				PRODUCT_BUNDLE_IDENTIFIER = com.healer.UIScrollView;
				PRODUCT_NAME = "$(TARGET_NAME)";
				SWIFT_VERSION = 3.0;
			};
			name = Release;
		};
		606676551EBCB20200F72F43 /* Debug */ = {
			isa = XCBuildConfiguration;
			buildSettings = {
				ALWAYS_EMBED_SWIFT_STANDARD_LIBRARIES = YES;
				BUNDLE_LOADER = "$(TEST_HOST)";
				INFOPLIST_FILE = UIScrollViewTests/Info.plist;
				LD_RUNPATH_SEARCH_PATHS = "$(inherited) @executable_path/Frameworks @loader_path/Frameworks";
				PRODUCT_BUNDLE_IDENTIFIER = com.healer.UIScrollViewTests;
				PRODUCT_NAME = "$(TARGET_NAME)";
				SWIFT_VERSION = 3.0;
				TEST_HOST = "$(BUILT_PRODUCTS_DIR)/UIScrollView.app/UIScrollView";
			};
			name = Debug;
		};
		606676561EBCB20200F72F43 /* Release */ = {
			isa = XCBuildConfiguration;
			buildSettings = {
				ALWAYS_EMBED_SWIFT_STANDARD_LIBRARIES = YES;
				BUNDLE_LOADER = "$(TEST_HOST)";
				INFOPLIST_FILE = UIScrollViewTests/Info.plist;
				LD_RUNPATH_SEARCH_PATHS = "$(inherited) @executable_path/Frameworks @loader_path/Frameworks";
				PRODUCT_BUNDLE_IDENTIFIER = com.healer.UIScrollViewTests;
				PRODUCT_NAME = "$(TARGET_NAME)";
				SWIFT_VERSION = 3.0;
				TEST_HOST = "$(BUILT_PRODUCTS_DIR)/UIScrollView.app/UIScrollView";
			};
			name = Release;
		};
		606676581EBCB20200F72F43 /* Debug */ = {
			isa = XCBuildConfiguration;
			buildSettings = {
				ALWAYS_EMBED_SWIFT_STANDARD_LIBRARIES = YES;
				INFOPLIST_FILE = UIScrollViewUITests/Info.plist;
				LD_RUNPATH_SEARCH_PATHS = "$(inherited) @executable_path/Frameworks @loader_path/Frameworks";
				PRODUCT_BUNDLE_IDENTIFIER = com.healer.UIScrollViewUITests;
				PRODUCT_NAME = "$(TARGET_NAME)";
				SWIFT_VERSION = 3.0;
				TEST_TARGET_NAME = UIScrollView;
			};
			name = Debug;
		};
		606676591EBCB20200F72F43 /* Release */ = {
			isa = XCBuildConfiguration;
			buildSettings = {
				ALWAYS_EMBED_SWIFT_STANDARD_LIBRARIES = YES;
				INFOPLIST_FILE = UIScrollViewUITests/Info.plist;
				LD_RUNPATH_SEARCH_PATHS = "$(inherited) @executable_path/Frameworks @loader_path/Frameworks";
				PRODUCT_BUNDLE_IDENTIFIER = com.healer.UIScrollViewUITests;
				PRODUCT_NAME = "$(TARGET_NAME)";
				SWIFT_VERSION = 3.0;
				TEST_TARGET_NAME = UIScrollView;
			};
			name = Release;
		};
/* End XCBuildConfiguration section */

/* Begin XCConfigurationList section */
		606676241EBCB20100F72F43 /* Build configuration list for PBXProject "UIScrollView" */ = {
			isa = XCConfigurationList;
			buildConfigurations = (
				6066764F1EBCB20200F72F43 /* Debug */,
				606676501EBCB20200F72F43 /* Release */,
			);
			defaultConfigurationIsVisible = 0;
			defaultConfigurationName = Release;
		};
		606676511EBCB20200F72F43 /* Build configuration list for PBXNativeTarget "UIScrollView" */ = {
			isa = XCConfigurationList;
			buildConfigurations = (
				606676521EBCB20200F72F43 /* Debug */,
				606676531EBCB20200F72F43 /* Release */,
			);
			defaultConfigurationIsVisible = 0;
		};
		606676541EBCB20200F72F43 /* Build configuration list for PBXNativeTarget "UIScrollViewTests" */ = {
			isa = XCConfigurationList;
			buildConfigurations = (
				606676551EBCB20200F72F43 /* Debug */,
				606676561EBCB20200F72F43 /* Release */,
			);
			defaultConfigurationIsVisible = 0;
		};
		606676571EBCB20200F72F43 /* Build configuration list for PBXNativeTarget "UIScrollViewUITests" */ = {
			isa = XCConfigurationList;
			buildConfigurations = (
				606676581EBCB20200F72F43 /* Debug */,
				606676591EBCB20200F72F43 /* Release */,
			);
			defaultConfigurationIsVisible = 0;
		};
/* End XCConfigurationList section */
	};
	rootObject = 606676211EBCB20100F72F43 /* Project object */;
}
